// !$*UTF8*$!
{
	archiveVersion = 1;
	classes = {
	};
	objectVersion = 56;
	objects = {

/* Begin PBXBuildFile section */
		A08A438428F280D900AD27CF /* AppDelegate.swift in Sources */ = {isa = PBXBuildFile; fileRef = A08A438328F280D900AD27CF /* AppDelegate.swift */; };
		A08A438628F280D900AD27CF /* SceneDelegate.swift in Sources */ = {isa = PBXBuildFile; fileRef = A08A438528F280D900AD27CF /* SceneDelegate.swift */; };
		A08A438828F280D900AD27CF /* ViewController.swift in Sources */ = {isa = PBXBuildFile; fileRef = A08A438728F280D900AD27CF /* ViewController.swift */; };
		A08A438B28F280D900AD27CF /* Main.storyboard in Resources */ = {isa = PBXBuildFile; fileRef = A08A438928F280D900AD27CF /* Main.storyboard */; };
		A08A438D28F280DB00AD27CF /* Assets.xcassets in Resources */ = {isa = PBXBuildFile; fileRef = A08A438C28F280DB00AD27CF /* Assets.xcassets */; };
		A08A439028F280DB00AD27CF /* LaunchScreen.storyboard in Resources */ = {isa = PBXBuildFile; fileRef = A08A438E28F280DB00AD27CF /* LaunchScreen.storyboard */; };
		A08A439828F2857000AD27CF /* PresentViewController.swift in Sources */ = {isa = PBXBuildFile; fileRef = A08A439728F2857000AD27CF /* PresentViewController.swift */; };
		A08A439A28F2857D00AD27CF /* PushViewController.swift in Sources */ = {isa = PBXBuildFile; fileRef = A08A439928F2857D00AD27CF /* PushViewController.swift */; };
/* End PBXBuildFile section */

/* Begin PBXFileReference section */
		A08A438028F280D900AD27CF /* jc2755_p3.app */ = {isa = PBXFileReference; explicitFileType = wrapper.application; includeInIndex = 0; path = jc2755_p3.app; sourceTree = BUILT_PRODUCTS_DIR; };
		A08A438328F280D900AD27CF /* AppDelegate.swift */ = {isa = PBXFileReference; lastKnownFileType = sourcecode.swift; path = AppDelegate.swift; sourceTree = "<group>"; };
		A08A438528F280D900AD27CF /* SceneDelegate.swift */ = {isa = PBXFileReference; lastKnownFileType = sourcecode.swift; path = SceneDelegate.swift; sourceTree = "<group>"; };
		A08A438728F280D900AD27CF /* ViewController.swift */ = {isa = PBXFileReference; lastKnownFileType = sourcecode.swift; path = ViewController.swift; sourceTree = "<group>"; };
		A08A438A28F280D900AD27CF /* Base */ = {isa = PBXFileReference; lastKnownFileType = file.storyboard; name = Base; path = Base.lproj/Main.storyboard; sourceTree = "<group>"; };
		A08A438C28F280DB00AD27CF /* Assets.xcassets */ = {isa = PBXFileReference; lastKnownFileType = folder.assetcatalog; path = Assets.xcassets; sourceTree = "<group>"; };
		A08A438F28F280DB00AD27CF /* Base */ = {isa = PBXFileReference; lastKnownFileType = file.storyboard; name = Base; path = Base.lproj/LaunchScreen.storyboard; sourceTree = "<group>"; };
		A08A439128F280DB00AD27CF /* Info.plist */ = {isa = PBXFileReference; lastKnownFileType = text.plist.xml; path = Info.plist; sourceTree = "<group>"; };
		A08A439728F2857000AD27CF /* PresentViewController.swift */ = {isa = PBXFileReference; lastKnownFileType = sourcecode.swift; path = PresentViewController.swift; sourceTree = "<group>"; };
		A08A439928F2857D00AD27CF /* PushViewController.swift */ = {isa = PBXFileReference; lastKnownFileType = sourcecode.swift; path = PushViewController.swift; sourceTree = "<group>"; };
/* End PBXFileReference section */

/* Begin PBXFrameworksBuildPhase section */
		A08A437D28F280D900AD27CF /* Frameworks */ = {
			isa = PBXFrameworksBuildPhase;
			buildActionMask = 2147483647;
			files = (
			);
			runOnlyForDeploymentPostprocessing = 0;
		};
/* End PBXFrameworksBuildPhase section */

/* Begin PBXGroup section */
		A08A437728F280D900AD27CF = {
			isa = PBXGroup;
			children = (
				A08A438228F280D900AD27CF /* jc2755_p3 */,
				A08A438128F280D900AD27CF /* Products */,
			);
			sourceTree = "<group>";
		};
		A08A438128F280D900AD27CF /* Products */ = {
			isa = PBXGroup;
			children = (
				A08A438028F280D900AD27CF /* jc2755_p3.app */,
			);
			name = Products;
			sourceTree = "<group>";
		};
		A08A438228F280D900AD27CF /* jc2755_p3 */ = {
			isa = PBXGroup;
			children = (
				A08A438328F280D900AD27CF /* AppDelegate.swift */,
				A08A438528F280D900AD27CF /* SceneDelegate.swift */,
				A08A438728F280D900AD27CF /* ViewController.swift */,
				A08A439728F2857000AD27CF /* PresentViewController.swift */,
				A08A439928F2857D00AD27CF /* PushViewController.swift */,
				A08A438928F280D900AD27CF /* Main.storyboard */,
				A08A438C28F280DB00AD27CF /* Assets.xcassets */,
				A08A438E28F280DB00AD27CF /* LaunchScreen.storyboard */,
				A08A439128F280DB00AD27CF /* Info.plist */,
			);
			path = jc2755_p3;
			sourceTree = "<group>";
		};
/* End PBXGroup section */

/* Begin PBXNativeTarget section */
		A08A437F28F280D900AD27CF /* jc2755_p3 */ = {
			isa = PBXNativeTarget;
			buildConfigurationList = A08A439428F280DB00AD27CF /* Build configuration list for PBXNativeTarget "jc2755_p3" */;
			buildPhases = (
				A08A437C28F280D900AD27CF /* Sources */,
				A08A437D28F280D900AD27CF /* Frameworks */,
				A08A437E28F280D900AD27CF /* Resources */,
			);
			buildRules = (
			);
			dependencies = (
			);
			name = jc2755_p3;
			productName = jc2755_p3;
			productReference = A08A438028F280D900AD27CF /* jc2755_p3.app */;
			productType = "com.apple.product-type.application";
		};
/* End PBXNativeTarget section */

/* Begin PBXProject section */
		A08A437828F280D900AD27CF /* Project object */ = {
			isa = PBXProject;
			attributes = {
				BuildIndependentTargetsInParallel = 1;
				LastSwiftUpdateCheck = 1400;
				LastUpgradeCheck = 1400;
				TargetAttributes = {
					A08A437F28F280D900AD27CF = {
						CreatedOnToolsVersion = 14.0;
					};
				};
			};
			buildConfigurationList = A08A437B28F280D900AD27CF /* Build configuration list for PBXProject "jc2755_p3" */;
			compatibilityVersion = "Xcode 14.0";
			developmentRegion = en;
			hasScannedForEncodings = 0;
			knownRegions = (
				en,
				Base,
			);
			mainGroup = A08A437728F280D900AD27CF;
			productRefGroup = A08A438128F280D900AD27CF /* Products */;
			projectDirPath = "";
			projectRoot = "";
			targets = (
				A08A437F28F280D900AD27CF /* jc2755_p3 */,
			);
		};
/* End PBXProject section */

/* Begin PBXResourcesBuildPhase section */
		A08A437E28F280D900AD27CF /* Resources */ = {
			isa = PBXResourcesBuildPhase;
			buildActionMask = 2147483647;
			files = (
				A08A439028F280DB00AD27CF /* LaunchScreen.storyboard in Resources */,
				A08A438D28F280DB00AD27CF /* Assets.xcassets in Resources */,
				A08A438B28F280D900AD27CF /* Main.storyboard in Resources */,
			);
			runOnlyForDeploymentPostprocessing = 0;
		};
/* End PBXResourcesBuildPhase section */

/* Begin PBXSourcesBuildPhase section */
		A08A437C28F280D900AD27CF /* Sources */ = {
			isa = PBXSourcesBuildPhase;
			buildActionMask = 2147483647;
			files = (
				A08A438828F280D900AD27CF /* ViewController.swift in Sources */,
				A08A438428F280D900AD27CF /* AppDelegate.swift in Sources */,
				A08A439828F2857000AD27CF /* PresentViewController.swift in Sources */,
				A08A439A28F2857D00AD27CF /* PushViewController.swift in Sources */,
				A08A438628F280D900AD27CF /* SceneDelegate.swift in Sources */,
			);
			runOnlyForDeploymentPostprocessing = 0;
		};
/* End PBXSourcesBuildPhase section */

/* Begin PBXVariantGroup section */
		A08A438928F280D900AD27CF /* Main.storyboard */ = {
			isa = PBXVariantGroup;
			children = (
				A08A438A28F280D900AD27CF /* Base */,
			);
			name = Main.storyboard;
			sourceTree = "<group>";
		};
		A08A438E28F280DB00AD27CF /* LaunchScreen.storyboard */ = {
			isa = PBXVariantGroup;
			children = (
				A08A438F28F280DB00AD27CF /* Base */,
			);
			name = LaunchScreen.storyboard;
			sourceTree = "<group>";
		};
/* End PBXVariantGroup section */

/* Begin XCBuildConfiguration section */
		A08A439228F280DB00AD27CF /* Debug */ = {
			isa = XCBuildConfiguration;
			buildSettings = {
				ALWAYS_SEARCH_USER_PATHS = NO;
				CLANG_ANALYZER_NONNULL = YES;
				CLANG_ANALYZER_NUMBER_OBJECT_CONVERSION = YES_AGGRESSIVE;
				CLANG_CXX_LANGUAGE_STANDARD = "gnu++20";
				CLANG_ENABLE_MODULES = YES;
				CLANG_ENABLE_OBJC_ARC = YES;
				CLANG_ENABLE_OBJC_WEAK = YES;
				CLANG_WARN_BLOCK_CAPTURE_AUTORELEASING = YES;
				CLANG_WARN_BOOL_CONVERSION = YES;
				CLANG_WARN_COMMA = YES;
				CLANG_WARN_CONSTANT_CONVERSION = YES;
				CLANG_WARN_DEPRECATED_OBJC_IMPLEMENTATIONS = YES;
				CLANG_WARN_DIRECT_OBJC_ISA_USAGE = YES_ERROR;
				CLANG_WARN_DOCUMENTATION_COMMENTS = YES;
				CLANG_WARN_EMPTY_BODY = YES;
				CLANG_WARN_ENUM_CONVERSION = YES;
				CLANG_WARN_INFINITE_RECURSION = YES;
				CLANG_WARN_INT_CONVERSION = YES;
				CLANG_WARN_NON_LITERAL_NULL_CONVERSION = YES;
				CLANG_WARN_OBJC_IMPLICIT_RETAIN_SELF = YES;
				CLANG_WARN_OBJC_LITERAL_CONVERSION = YES;
				CLANG_WARN_OBJC_ROOT_CLASS = YES_ERROR;
				CLANG_WARN_QUOTED_INCLUDE_IN_FRAMEWORK_HEADER = YES;
				CLANG_WARN_RANGE_LOOP_ANALYSIS = YES;
				CLANG_WARN_STRICT_PROTOTYPES = YES;
				CLANG_WARN_SUSPICIOUS_MOVE = YES;
				CLANG_WARN_UNGUARDED_AVAILABILITY = YES_AGGRESSIVE;
				CLANG_WARN_UNREACHABLE_CODE = YES;
				CLANG_WARN__DUPLICATE_METHOD_MATCH = YES;
				COPY_PHASE_STRIP = NO;
				DEBUG_INFORMATION_FORMAT = dwarf;
				ENABLE_STRICT_OBJC_MSGSEND = YES;
				ENABLE_TESTABILITY = YES;
				GCC_C_LANGUAGE_STANDARD = gnu11;
				GCC_DYNAMIC_NO_PIC = NO;
				GCC_NO_COMMON_BLOCKS = YES;
				GCC_OPTIMIZATION_LEVEL = 0;
				GCC_PREPROCESSOR_DEFINITIONS = (
					"DEBUG=1",
					"$(inherited)",
				);
				GCC_WARN_64_TO_32_BIT_CONVERSION = YES;
				GCC_WARN_ABOUT_RETURN_TYPE = YES_ERROR;
				GCC_WARN_UNDECLARED_SELECTOR = YES;
				GCC_WARN_UNINITIALIZED_AUTOS = YES_AGGRESSIVE;
				GCC_WARN_UNUSED_FUNCTION = YES;
				GCC_WARN_UNUSED_VARIABLE = YES;
				IPHONEOS_DEPLOYMENT_TARGET = 16.0;
				MTL_ENABLE_DEBUG_INFO = INCLUDE_SOURCE;
				MTL_FAST_MATH = YES;
				ONLY_ACTIVE_ARCH = YES;
				SDKROOT = iphoneos;
				SWIFT_ACTIVE_COMPILATION_CONDITIONS = DEBUG;
				SWIFT_OPTIMIZATION_LEVEL = "-Onone";
			};
			name = Debug;
		};
		A08A439328F280DB00AD27CF /* Release */ = {
			isa = XCBuildConfiguration;
			buildSettings = {
				ALWAYS_SEARCH_USER_PATHS = NO;
				CLANG_ANALYZER_NONNULL = YES;
				CLANG_ANALYZER_NUMBER_OBJECT_CONVERSION = YES_AGGRESSIVE;
				CLANG_CXX_LANGUAGE_STANDARD = "gnu++20";
				CLANG_ENABLE_MODULES = YES;
				CLANG_ENABLE_OBJC_ARC = YES;
				CLANG_ENABLE_OBJC_WEAK = YES;
				CLANG_WARN_BLOCK_CAPTURE_AUTORELEASING = YES;
				CLANG_WARN_BOOL_CONVERSION = YES;
				CLANG_WARN_COMMA = YES;
				CLANG_WARN_CONSTANT_CONVERSION = YES;
				CLANG_WARN_DEPRECATED_OBJC_IMPLEMENTATIONS = YES;
				CLANG_WARN_DIRECT_OBJC_ISA_USAGE = YES_ERROR;
				CLANG_WARN_DOCUMENTATION_COMMENTS = YES;
				CLANG_WARN_EMPTY_BODY = YES;
				CLANG_WARN_ENUM_CONVERSION = YES;
				CLANG_WARN_INFINITE_RECURSION = YES;
				CLANG_WARN_INT_CONVERSION = YES;
				CLANG_WARN_NON_LITERAL_NULL_CONVERSION = YES;
				CLANG_WARN_OBJC_IMPLICIT_RETAIN_SELF = YES;
				CLANG_WARN_OBJC_LITERAL_CONVERSION = YES;
				CLANG_WARN_OBJC_ROOT_CLASS = YES_ERROR;
				CLANG_WARN_QUOTED_INCLUDE_IN_FRAMEWORK_HEADER = YES;
				CLANG_WARN_RANGE_LOOP_ANALYSIS = YES;
				CLANG_WARN_STRICT_PROTOTYPES = YES;
				CLANG_WARN_SUSPICIOUS_MOVE = YES;
				CLANG_WARN_UNGUARDED_AVAILABILITY = YES_AGGRESSIVE;
				CLANG_WARN_UNREACHABLE_CODE = YES;
				CLANG_WARN__DUPLICATE_METHOD_MATCH = YES;
				COPY_PHASE_STRIP = NO;
				DEBUG_INFORMATION_FORMAT = "dwarf-with-dsym";
				ENABLE_NS_ASSERTIONS = NO;
				ENABLE_STRICT_OBJC_MSGSEND = YES;
				GCC_C_LANGUAGE_STANDARD = gnu11;
				GCC_NO_COMMON_BLOCKS = YES;
				GCC_WARN_64_TO_32_BIT_CONVERSION = YES;
				GCC_WARN_ABOUT_RETURN_TYPE = YES_ERROR;
				GCC_WARN_UNDECLARED_SELECTOR = YES;
				GCC_WARN_UNINITIALIZED_AUTOS = YES_AGGRESSIVE;
				GCC_WARN_UNUSED_FUNCTION = YES;
				GCC_WARN_UNUSED_VARIABLE = YES;
				IPHONEOS_DEPLOYMENT_TARGET = 16.0;
				MTL_ENABLE_DEBUG_INFO = NO;
				MTL_FAST_MATH = YES;
				SDKROOT = iphoneos;
				SWIFT_COMPILATION_MODE = wholemodule;
				SWIFT_OPTIMIZATION_LEVEL = "-O";
				VALIDATE_PRODUCT = YES;
			};
			name = Release;
		};
		A08A439528F280DB00AD27CF /* Debug */ = {
			isa = XCBuildConfiguration;
			buildSettings = {
				ASSETCATALOG_COMPILER_APPICON_NAME = AppIcon;
				ASSETCATALOG_COMPILER_GLOBAL_ACCENT_COLOR_NAME = AccentColor;
				CODE_SIGN_STYLE = Automatic;
				CURRENT_PROJECT_VERSION = 1;
				DEVELOPMENT_TEAM = 4U4HJKBPBN;
				GENERATE_INFOPLIST_FILE = YES;
				INFOPLIST_FILE = jc2755_p3/Info.plist;
				INFOPLIST_KEY_UIApplicationSupportsIndirectInputEvents = YES;
				INFOPLIST_KEY_UILaunchStoryboardName = LaunchScreen;
				INFOPLIST_KEY_UIMainStoryboardFile = Main;
				INFOPLIST_KEY_UISupportedInterfaceOrientations_iPad = "UIInterfaceOrientationPortrait UIInterfaceOrientationPortraitUpsideDown UIInterfaceOrientationLandscapeLeft UIInterfaceOrientationLandscapeRight";
				INFOPLIST_KEY_UISupportedInterfaceOrientations_iPhone = "UIInterfaceOrientationPortrait UIInterfaceOrientationLandscapeLeft UIInterfaceOrientationLandscapeRight";
				LD_RUNPATH_SEARCH_PATHS = (
					"$(inherited)",
					"@executable_path/Frameworks",
				);
				MARKETING_VERSION = 1.0;
				PRODUCT_BUNDLE_IDENTIFIER = "com.jessecheng.jc2755-p3";
				PRODUCT_NAME = "$(TARGET_NAME)";
				SWIFT_EMIT_LOC_STRINGS = YES;
				SWIFT_VERSION = 5.0;
				TARGETED_DEVICE_FAMILY = "1,2";
			};
			name = Debug;
		};
		A08A439628F280DB00AD27CF /* Release */ = {
			isa = XCBuildConfiguration;
			buildSettings = {
				ASSETCATALOG_COMPILER_APPICON_NAME = AppIcon;
				ASSETCATALOG_COMPILER_GLOBAL_ACCENT_COLOR_NAME = AccentColor;
				CODE_SIGN_STYLE = Automatic;
				CURRENT_PROJECT_VERSION = 1;
				DEVELOPMENT_TEAM = 4U4HJKBPBN;
				GENERATE_INFOPLIST_FILE = YES;
				INFOPLIST_FILE = jc2755_p3/Info.plist;
				INFOPLIST_KEY_UIApplicationSupportsIndirectInputEvents = YES;
				INFOPLIST_KEY_UILaunchStoryboardName = LaunchScreen;
				INFOPLIST_KEY_UIMainStoryboardFile = Main;
				INFOPLIST_KEY_UISupportedInterfaceOrientations_iPad = "UIInterfaceOrientationPortrait UIInterfaceOrientationPortraitUpsideDown UIInterfaceOrientationLandscapeLeft UIInterfaceOrientationLandscapeRight";
				INFOPLIST_KEY_UISupportedInterfaceOrientations_iPhone = "UIInterfaceOrientationPortrait UIInterfaceOrientationLandscapeLeft UIInterfaceOrientationLandscapeRight";
				LD_RUNPATH_SEARCH_PATHS = (
					"$(inherited)",
					"@executable_path/Frameworks",
				);
				MARKETING_VERSION = 1.0;
				PRODUCT_BUNDLE_IDENTIFIER = "com.jessecheng.jc2755-p3";
				PRODUCT_NAME = "$(TARGET_NAME)";
				SWIFT_EMIT_LOC_STRINGS = YES;
				SWIFT_VERSION = 5.0;
				TARGETED_DEVICE_FAMILY = "1,2";
			};
			name = Release;
		};
/* End XCBuildConfiguration section */

/* Begin XCConfigurationList section */
		A08A437B28F280D900AD27CF /* Build configuration list for PBXProject "jc2755_p3" */ = {
			isa = XCConfigurationList;
			buildConfigurations = (
				A08A439228F280DB00AD27CF /* Debug */,
				A08A439328F280DB00AD27CF /* Release */,
			);
			defaultConfigurationIsVisible = 0;
			defaultConfigurationName = Release;
		};
		A08A439428F280DB00AD27CF /* Build configuration list for PBXNativeTarget "jc2755_p3" */ = {
			isa = XCConfigurationList;
			buildConfigurations = (
				A08A439528F280DB00AD27CF /* Debug */,
				A08A439628F280DB00AD27CF /* Release */,
			);
			defaultConfigurationIsVisible = 0;
			defaultConfigurationName = Release;
		};
/* End XCConfigurationList section */
	};
	rootObject = A08A437828F280D900AD27CF /* Project object */;
}
